
Microsoft Visual Studio Solution File, Format Version 12.00
# Visual Studio Version 16
VisualStudioVersion = 16.0.30907.101
MinimumVisualStudioVersion = 10.0.40219.1
Project("{8BC9CEB8-8B4A-11D0-8D11-00A0C91BC942}") = "Conjecture de Syracuse", "Conjecture de Syracuse\Conjecture de Syracuse.vcxproj", "{8FFC4DF4-4E3E-4ED0-99B2-662BC7FB5ED7}"
EndProject
Global
	GlobalSection(SolutionConfigurationPlatforms) = preSolution
		Debug|x64 = Debug|x64
		Debug|x86 = Debug|x86
		Release|x64 = Release|x64
		Release|x86 = Release|x86
	EndGlobalSection
	GlobalSection(ProjectConfigurationPlatforms) = postSolution
		{8FFC4DF4-4E3E-4ED0-99B2-662BC7FB5ED7}.Debug|x64.ActiveCfg = Debug|x64
		{8FFC4DF4-4E3E-4ED0-99B2-662BC7FB5ED7}.Debug|x64.Build.0 = Debug|x64
		{8FFC4DF4-4E3E-4ED0-99B2-662BC7FB5ED7}.Debug|x86.ActiveCfg = Debug|Win32
		{8FFC4DF4-4E3E-4ED0-99B2-662BC7FB5ED7}.Debug|x86.Build.0 = Debug|Win32
		{8FFC4DF4-4E3E-4ED0-99B2-662BC7FB5ED7}.Release|x64.ActiveCfg = Release|x64
		{8FFC4DF4-4E3E-4ED0-99B2-662BC7FB5ED7}.Release|x64.Build.0 = Release|x64
		{8FFC4DF4-4E3E-4ED0-99B2-662BC7FB5ED7}.Release|x86.ActiveCfg = Release|Win32
		{8FFC4DF4-4E3E-4ED0-99B2-662BC7FB5ED7}.Release|x86.Build.0 = Release|Win32
	EndGlobalSection
	GlobalSection(SolutionProperties) = preSolution
		HideSolutionNode = FALSE
	EndGlobalSection
	GlobalSection(ExtensibilityGlobals) = postSolution
		SolutionGuid = {F94AEDD8-6FBB-4BA4-B2C1-C84B6A7F656A}
	EndGlobalSection
EndGlobal
